<Solution>
  <Folder Name="/Task0/">
    <Project Path="Tyuiu.KravchenkoDS.Sprint1.Task0.V15.Lib/Tyuiu.KravchenkoDS.Sprint1.Task0.V15.Lib.csproj" />
    <Project Path="Tyuiu.KravchenkoDS.Sprint1.Task0.V15.Test/Tyuiu.KravchenkoDS.Sprint1.Task0.V15.Test.csproj" />
    <Project Path="Tyuiu.KravchenkoDS.Sprint1.Task0.V15/Tyuiu.KravchenkoDS.Sprint1.Task0.V15.csproj" />
  </Folder>
  <Folder Name="/Task1/">
    <Project Path="Tyuiu.KravchenkoDS.Sprint1.Task1.V17.Lib/Tyuiu.KravchenkoDS.Sprint1.Task1.V17.Lib.csproj" Id="5782121c-ce25-46c6-948b-39e4fd89c3ff" />
    <Project Path="Tyuiu.KravchenkoDS.Sprint1.Task1.V17.Test/Tyuiu.KravchenkoDS.Sprint1.Task1.V17.Test.csproj" Id="52f3a6d7-20f9-4f05-a419-d07e4f47786a" />
    <Project Path="Tyuiu.KravchenkoDS.Sprint1.Task1.V17/Tyuiu.KravchenkoDS.Sprint1.Task1.V17.csproj" Id="3333b014-9a16-4d60-a34e-818603d141b7" />
  </Folder>
  <Folder Name="/Task2/">
    <Project Path="Tyuiu.KravchenkoDS.Sprint1.Task2.V25.Lib/Tyuiu.KravchenkoDS.Sprint1.Task2.V25.Lib.csproj" Id="d557b28b-8987-4ab2-8f75-b0d4f308806d" />
    <Project Path="Tyuiu.KravchenkoDS.Sprint1.Task2.V25.Test/Tyuiu.KravchenkoDS.Sprint1.Task2.V25.Test.csproj" Id="c4a6f794-015d-43ab-b30e-5552649b0d21" />
    <Project Path="Tyuiu.KravchenkoDS.Sprint1.Task2.V25/Tyuiu.KravchenkoDS.Sprint1.Task2.V25.csproj" Id="bd905125-e627-4148-af58-8a0631c9fb93" />
  </Folder>
  <Folder Name="/Task3/">
    <Project Path="Tyuiu.KravchenkoDS.Sprint1.Task3.V11.Lib/Tyuiu.KravchenkoDS.Sprint1.Task3.V11.Lib.csproj" Id="1f6bea4a-417f-47d1-9545-3584d2a6ff1f" />
    <Project Path="Tyuiu.KravchenkoDS.Sprint1.Task3.V11.Test/Tyuiu.KravchenkoDS.Sprint1.Task3.V11.Test.csproj" Id="721a75af-6643-43bf-9759-085cf5b0ef1b" />
    <Project Path="Tyuiu.KravchenkoDS.Sprint1.Task3.V11/Tyuiu.KravchenkoDS.Sprint1.Task3.V11.csproj" Id="cebd41eb-f6ea-400a-82c2-f872a7a0f810" />
  </Folder>
  <Folder Name="/Task4/">
    <Project Path="Tyuiu.KravchenkoDS.Sprint1.Task4.V11.Lib/Tyuiu.KravchenkoDS.Sprint1.Task4.V11.Lib.csproj" Id="62271383-4daa-4605-bbb9-9f8998e72275" />
    <Project Path="Tyuiu.KravchenkoDS.Sprint1.Task4.V11.Test/Tyuiu.KravchenkoDS.Sprint1.Task4.V11.Test.csproj" Id="a367f014-8ff2-453f-8610-a6104d0ef1d9" />
    <Project Path="Tyuiu.KravchenkoDS.Sprint1.Task4.V11/Tyuiu.KravchenkoDS.Sprint1.Task4.V11.csproj" Id="5951d201-fc79-4295-811e-4e8d54df74ce" />
  </Folder>
</Solution>
