<Solution>
  <Folder Name="/Task0/">
    <Project Path="Tyuiu.KravchenkoDS.Sprint1.Task0.V15.Lib/Tyuiu.KravchenkoDS.Sprint1.Task0.V15.Lib.csproj" />
    <Project Path="Tyuiu.KravchenkoDS.Sprint1.Task0.V15.Test/Tyuiu.KravchenkoDS.Sprint1.Task0.V15.Test.csproj" />
    <Project Path="Tyuiu.KravchenkoDS.Sprint1.Task0.V15/Tyuiu.KravchenkoDS.Sprint1.Task0.V15.csproj" />
  </Folder>
  <Folder Name="/Task1/">
    <Project Path="Tyuiu.KravchenkoDS.Sprint1.Task1.V17.Lib/Tyuiu.KravchenkoDS.Sprint1.Task1.V17.Lib.csproj" Id="5782121c-ce25-46c6-948b-39e4fd89c3ff" />
    <Project Path="Tyuiu.KravchenkoDS.Sprint1.Task1.V17.Test/Tyuiu.KravchenkoDS.Sprint1.Task1.V17.Test.csproj" Id="52f3a6d7-20f9-4f05-a419-d07e4f47786a" />
    <Project Path="Tyuiu.KravchenkoDS.Sprint1.Task1.V17/Tyuiu.KravchenkoDS.Sprint1.Task1.V17.csproj" Id="3333b014-9a16-4d60-a34e-818603d141b7" />
  </Folder>
</Solution>
