<Solution>
  <Folder Name="/Task0/">
    <Project Path="Tyuiu.KravchenkoDS.Sprint1.Task0.V15.Lib/Tyuiu.KravchenkoDS.Sprint1.Task0.V15.Lib.csproj" />
    <Project Path="Tyuiu.KravchenkoDS.Sprint1.Task0.V15.Test/Tyuiu.KravchenkoDS.Sprint1.Task0.V15.Test.csproj" />
    <Project Path="Tyuiu.KravchenkoDS.Sprint1.Task0.V15/Tyuiu.KravchenkoDS.Sprint1.Task0.V15.csproj" />
  </Folder>
  <Folder Name="/Task1/">
    <Project Path="Tyuiu.KravchenkoDS.Sprint1.Task1.V17.Lib/Tyuiu.KravchenkoDS.Sprint1.Task1.V17.Lib.csproj" Id="5782121c-ce25-46c6-948b-39e4fd89c3ff" />
    <Project Path="Tyuiu.KravchenkoDS.Sprint1.Task1.V17.Test/Tyuiu.KravchenkoDS.Sprint1.Task1.V17.Test.csproj" Id="52f3a6d7-20f9-4f05-a419-d07e4f47786a" />
    <Project Path="Tyuiu.KravchenkoDS.Sprint1.Task1.V17/Tyuiu.KravchenkoDS.Sprint1.Task1.V17.csproj" Id="3333b014-9a16-4d60-a34e-818603d141b7" />
  </Folder>
  <Folder Name="/Task2/">
    <Project Path="Tyuiu.KravchenkoDS.Sprint1.Task2.V25.Lib/Tyuiu.KravchenkoDS.Sprint1.Task2.V25.Lib.csproj" Id="d557b28b-8987-4ab2-8f75-b0d4f308806d" />
    <Project Path="Tyuiu.KravchenkoDS.Sprint1.Task2.V25.Test/Tyuiu.KravchenkoDS.Sprint1.Task2.V25.Test.csproj" Id="c4a6f794-015d-43ab-b30e-5552649b0d21" />
    <Project Path="Tyuiu.KravchenkoDS.Sprint1.Task2.V25/Tyuiu.KravchenkoDS.Sprint1.Task2.V25.csproj" Id="bd905125-e627-4148-af58-8a0631c9fb93" />
  </Folder>
  <Folder Name="/Task3/">
    <Project Path="Tyuiu.KravchenkoDS.Sprint1.Task3.V11.Lib/Tyuiu.KravchenkoDS.Sprint1.Task3.V11.Lib.csproj" Id="1f6bea4a-417f-47d1-9545-3584d2a6ff1f" />
    <Project Path="Tyuiu.KravchenkoDS.Sprint1.Task3.V11.Test/Tyuiu.KravchenkoDS.Sprint1.Task3.V11.Test.csproj" Id="721a75af-6643-43bf-9759-085cf5b0ef1b" />
    <Project Path="Tyuiu.KravchenkoDS.Sprint1.Task3.V11/Tyuiu.KravchenkoDS.Sprint1.Task3.V11.csproj" Id="cebd41eb-f6ea-400a-82c2-f872a7a0f810" />
  </Folder>
  <Folder Name="/Task4/">
    <Project Path="Tyuiu.KravchenkoDS.Sprint1.Task4.V11.Lib/Tyuiu.KravchenkoDS.Sprint1.Task4.V11.Lib.csproj" Id="62271383-4daa-4605-bbb9-9f8998e72275" />
    <Project Path="Tyuiu.KravchenkoDS.Sprint1.Task4.V11.Test/Tyuiu.KravchenkoDS.Sprint1.Task4.V11.Test.csproj" Id="a367f014-8ff2-453f-8610-a6104d0ef1d9" />
    <Project Path="Tyuiu.KravchenkoDS.Sprint1.Task4.V11/Tyuiu.KravchenkoDS.Sprint1.Task4.V11.csproj" Id="5951d201-fc79-4295-811e-4e8d54df74ce" />
  </Folder>
  <Folder Name="/Task5/">
    <Project Path="Tyuiu.KravchenkoDS.Sprint1.Task5.V2.Lib/Tyuiu.KravchenkoDS.Sprint1.Task5.V2.Lib.csproj" Id="92b8d361-6c32-4f8b-af90-bd1d1bdc6265" />
    <Project Path="Tyuiu.KravchenkoDS.Sprint1.Task5.V2.Test/Tyuiu.KravchenkoDS.Sprint1.Task5.V2.Test.csproj" Id="6fb300a0-6db0-4f14-9382-9f9a3735d49c" />
    <Project Path="Tyuiu.KravchenkoDS.Sprint1.Task5.V2/Tyuiu.KravchenkoDS.Sprint1.Task5.V2.csproj" Id="3fe7a363-c06c-4d2f-ad41-148b5e262776" />
  </Folder>
  <Folder Name="/Task6/">
    <Project Path="Tyuiu.KravchenkoDS.Sprint1.Task6.V11.Lib/Tyuiu.KravchenkoDS.Sprint1.Task6.V11.Lib.csproj" Id="da244dbb-733c-4af6-bea5-0c17a95b0806" />
    <Project Path="Tyuiu.KravchenkoDS.Sprint1.Task6.V11.Test/Tyuiu.KravchenkoDS.Sprint1.Task6.V11.Test.csproj" Id="2af097fc-3dcf-435d-832a-54517b1fd002" />
    <Project Path="Tyuiu.KravchenkoDS.Sprint1.Task6.V11/Tyuiu.KravchenkoDS.Sprint1.Task6.V11.csproj" Id="daa4d87d-7f1e-4690-8b6f-a875f74aec2a" />
  </Folder>
  <Folder Name="/Task7/">
    <Project Path="Tyuiu.KravchenkoDS.Sprint1.Task7.V12.Lib/Tyuiu.KravchenkoDS.Sprint1.Task7.V12.Lib.csproj" Id="69150ded-bc64-4bdb-9b33-6ea753239229" />
    <Project Path="Tyuiu.KravchenkoDS.Sprint1.Task7.V12.Test/Tyuiu.KravchenkoDS.Sprint1.Task7.V12.Test.csproj" Id="8873312d-b60d-4784-a9b9-d70dfab465f0" />
    <Project Path="Tyuiu.KravchenkoDS.Sprint1.Task7.V12/Tyuiu.KravchenkoDS.Sprint1.Task7.V12.csproj" Id="aabcfc99-e199-4260-ac29-602b864ef6f6" />
  </Folder>
</Solution>
